
Microsoft Visual Studio Solution File, Format Version 12.00
# Visual Studio 15
Project("{FAE04EC0-301F-11D3-BF4B-00C04F79EFBC}") = "StationSoundExtender", "StationSoundExtender.csproj", "{CDA13231-AEEA-4799-9263-D09930E697EB}"
EndProject
Global
	GlobalSection(SolutionConfigurationPlatforms) = preSolution
		Debug|Any CPU = Debug|Any CPU
		Release|Any CPU = Release|Any CPU
	EndGlobalSection
	GlobalSection(ProjectConfigurationPlatforms) = postSolution
		{CDA13231-AEEA-4799-9263-D09930E697EB}.Debug|Any CPU.ActiveCfg = Debug|Any CPU
		{CDA13231-AEEA-4799-9263-D09930E697EB}.Debug|Any CPU.Build.0 = Debug|Any CPU
		{CDA13231-AEEA-4799-9263-D09930E697EB}.Release|Any CPU.ActiveCfg = Release|Any CPU
		{CDA13231-AEEA-4799-9263-D09930E697EB}.Release|Any CPU.Build.0 = Release|Any CPU
	EndGlobalSection
EndGlobal
